
Microsoft Visual Studio Solution File, Format Version 12.00
# Visual Studio Version 17
VisualStudioVersion = 17.12.35527.113 d17.12
MinimumVisualStudioVersion = 10.0.40219.1
Project("{FAE04EC0-301F-11D3-BF4B-00C04F79EFBC}") = "Ex09", "Ex09.csproj", "{5DB022D5-7679-4DB8-BABE-BC3265DD2B6A}"
EndProject
Global
	GlobalSection(SolutionConfigurationPlatforms) = preSolution
		Debug|Any CPU = Debug|Any CPU
		Release|Any CPU = Release|Any CPU
	EndGlobalSection
	GlobalSection(ProjectConfigurationPlatforms) = postSolution
		{5DB022D5-7679-4DB8-BABE-BC3265DD2B6A}.Debug|Any CPU.ActiveCfg = Debug|Any CPU
		{5DB022D5-7679-4DB8-BABE-BC3265DD2B6A}.Debug|Any CPU.Build.0 = Debug|Any CPU
		{5DB022D5-7679-4DB8-BABE-BC3265DD2B6A}.Release|Any CPU.ActiveCfg = Release|Any CPU
		{5DB022D5-7679-4DB8-BABE-BC3265DD2B6A}.Release|Any CPU.Build.0 = Release|Any CPU
	EndGlobalSection
	GlobalSection(SolutionProperties) = preSolution
		HideSolutionNode = FALSE
	EndGlobalSection
EndGlobal
