
Microsoft Visual Studio Solution File, Format Version 12.00
# Visual Studio Version 17
VisualStudioVersion = 17.12.35527.113 d17.12
MinimumVisualStudioVersion = 10.0.40219.1
Project("{FAE04EC0-301F-11D3-BF4B-00C04F79EFBC}") = "Ex14", "Ex14.csproj", "{8D9DF4F2-22F3-47A9-82CE-2F2C13C34142}"
EndProject
Global
	GlobalSection(SolutionConfigurationPlatforms) = preSolution
		Debug|Any CPU = Debug|Any CPU
		Release|Any CPU = Release|Any CPU
	EndGlobalSection
	GlobalSection(ProjectConfigurationPlatforms) = postSolution
		{8D9DF4F2-22F3-47A9-82CE-2F2C13C34142}.Debug|Any CPU.ActiveCfg = Debug|Any CPU
		{8D9DF4F2-22F3-47A9-82CE-2F2C13C34142}.Debug|Any CPU.Build.0 = Debug|Any CPU
		{8D9DF4F2-22F3-47A9-82CE-2F2C13C34142}.Release|Any CPU.ActiveCfg = Release|Any CPU
		{8D9DF4F2-22F3-47A9-82CE-2F2C13C34142}.Release|Any CPU.Build.0 = Release|Any CPU
	EndGlobalSection
	GlobalSection(SolutionProperties) = preSolution
		HideSolutionNode = FALSE
	EndGlobalSection
EndGlobal
